PODS:
  - PagedAlertController (0.1.0)

DEPENDENCIES:
  - PagedAlertController (from `../`)

EXTERNAL SOURCES:
  PagedAlertController:
    :path: ../

SPEC CHECKSUMS:
  PagedAlertController: 9277858279510612cc9b26c572960f4d5edd4f30

PODFILE CHECKSUM: 34660ee75757e110af3dc6c72e074235ba53bcf0

COCOAPODS: 1.0.1
