PODS:
  - PagedAlertController (0.1.0)

DEPENDENCIES:
  - PagedAlertController (from `../`)

EXTERNAL SOURCES:
  PagedAlertController:
    :path: ../

SPEC CHECKSUMS:
  PagedAlertController: 079f9d88f7d8bb3ae75c0aa3d83b880f0ecac75a

PODFILE CHECKSUM: 34660ee75757e110af3dc6c72e074235ba53bcf0

COCOAPODS: 1.0.1
